
Microsoft Visual Studio Solution File, Format Version 12.00
# Visual Studio 15
VisualStudioVersion = 15.0.27428.2043
MinimumVisualStudioVersion = 10.0.40219.1
Project("{2150E333-8FDC-42A3-9474-1A3956D46DE8}") = "1 - Presentation", "1 - Presentation", "{773EF714-840A-43E3-BB51-F514530ED390}"
EndProject
Project("{2150E333-8FDC-42A3-9474-1A3956D46DE8}") = "2 - Application", "2 - Application", "{7D927B54-EFAC-4C5E-A411-8322C8573BA4}"
EndProject
Project("{2150E333-8FDC-42A3-9474-1A3956D46DE8}") = "3 - Domain", "3 - Domain", "{58482219-EDC1-4387-991F-110A8A03A13C}"
EndProject
Project("{2150E333-8FDC-42A3-9474-1A3956D46DE8}") = "4 - Infra", "4 - Infra", "{3FB01CE7-0F0E-4143-BFBE-982A6C593EDF}"
EndProject
Project("{2150E333-8FDC-42A3-9474-1A3956D46DE8}") = "5 DataBase", "5 DataBase", "{7697DB46-DFB0-4A0F-97AC-23A8F7A51462}"
EndProject
Project("{2150E333-8FDC-42A3-9474-1A3956D46DE8}") = "Tests", "Tests", "{95152B26-3BDF-4377-A7B1-092249913B9E}"
EndProject
Project("{FAE04EC0-301F-11D3-BF4B-00C04F79EFBC}") = "Biblioteca.Application", "Biblioteca.Application\Biblioteca.Application.csproj", "{17858BBA-CA19-4DF5-986E-2B41235B8A3D}"
EndProject
Project("{FAE04EC0-301F-11D3-BF4B-00C04F79EFBC}") = "Biblioteca.Domain", "Biblioteca.Domain\Biblioteca.Domain.csproj", "{FAF680C7-5335-4FF4-B02A-45498F18B526}"
EndProject
Project("{FAE04EC0-301F-11D3-BF4B-00C04F79EFBC}") = "Biblioteca.Infra", "Biblioteca.Infra\Biblioteca.Infra.csproj", "{CDCE4522-CE38-49DD-8514-C3B3C3171CB7}"
EndProject
Project("{FAE04EC0-301F-11D3-BF4B-00C04F79EFBC}") = "Biblioteca.Infra.Data", "Biblioteca.Infra.Data\Biblioteca.Infra.Data.csproj", "{82B3C2A1-8FCB-4B08-BAA7-C72896083E6B}"
EndProject
Project("{00D1A9C2-B5F0-4AF3-8072-F6C62B433612}") = "BDBiblioteca", "BDBiblioteca\BDBiblioteca.sqlproj", "{3F8D7B6A-DC0E-495E-B2B7-337B3F323162}"
EndProject
Project("{FAE04EC0-301F-11D3-BF4B-00C04F79EFBC}") = "Biblioteca.Application.Tests", "Biblioteca.Application.Tests\Biblioteca.Application.Tests.csproj", "{C122B239-1A41-498F-8597-DBAEAD88F09C}"
EndProject
Project("{FAE04EC0-301F-11D3-BF4B-00C04F79EFBC}") = "Biblioteca.Domain.Tests", "Biblioteca.Domain.Tests\Biblioteca.Domain.Tests.csproj", "{17C42EFD-695E-476B-89BF-67D262DACBD0}"
EndProject
Project("{FAE04EC0-301F-11D3-BF4B-00C04F79EFBC}") = "Biblioteca.Infra.Data.Tests", "Biblioteca.Infra.Data.Tests\Biblioteca.Infra.Data.Tests.csproj", "{3ED68A52-60D5-4BDD-B4CE-DCCBCC08391F}"
EndProject
Project("{FAE04EC0-301F-11D3-BF4B-00C04F79EFBC}") = "Biblioteca.Integration.Tests", "Biblioteca.Integration.Tests\Biblioteca.Integration.Tests.csproj", "{67350CE7-2BA8-48E3-BB8E-53C970C14170}"
EndProject
Project("{FAE04EC0-301F-11D3-BF4B-00C04F79EFBC}") = "Biblioteca.Common.Tests", "Biblioteca.Common.Tests\Biblioteca.Common.Tests.csproj", "{D4DE6DC2-BFDA-4B53-9B6D-434ECA81822A}"
EndProject
Global
	GlobalSection(SolutionConfigurationPlatforms) = preSolution
		Debug|Any CPU = Debug|Any CPU
		Debug|x64 = Debug|x64
		Debug|x86 = Debug|x86
		Release|Any CPU = Release|Any CPU
		Release|x64 = Release|x64
		Release|x86 = Release|x86
	EndGlobalSection
	GlobalSection(ProjectConfigurationPlatforms) = postSolution
		{17858BBA-CA19-4DF5-986E-2B41235B8A3D}.Debug|Any CPU.ActiveCfg = Debug|Any CPU
		{17858BBA-CA19-4DF5-986E-2B41235B8A3D}.Debug|Any CPU.Build.0 = Debug|Any CPU
		{17858BBA-CA19-4DF5-986E-2B41235B8A3D}.Debug|x64.ActiveCfg = Debug|Any CPU
		{17858BBA-CA19-4DF5-986E-2B41235B8A3D}.Debug|x64.Build.0 = Debug|Any CPU
		{17858BBA-CA19-4DF5-986E-2B41235B8A3D}.Debug|x86.ActiveCfg = Debug|Any CPU
		{17858BBA-CA19-4DF5-986E-2B41235B8A3D}.Debug|x86.Build.0 = Debug|Any CPU
		{17858BBA-CA19-4DF5-986E-2B41235B8A3D}.Release|Any CPU.ActiveCfg = Release|Any CPU
		{17858BBA-CA19-4DF5-986E-2B41235B8A3D}.Release|Any CPU.Build.0 = Release|Any CPU
		{17858BBA-CA19-4DF5-986E-2B41235B8A3D}.Release|x64.ActiveCfg = Release|Any CPU
		{17858BBA-CA19-4DF5-986E-2B41235B8A3D}.Release|x64.Build.0 = Release|Any CPU
		{17858BBA-CA19-4DF5-986E-2B41235B8A3D}.Release|x86.ActiveCfg = Release|Any CPU
		{17858BBA-CA19-4DF5-986E-2B41235B8A3D}.Release|x86.Build.0 = Release|Any CPU
		{FAF680C7-5335-4FF4-B02A-45498F18B526}.Debug|Any CPU.ActiveCfg = Debug|Any CPU
		{FAF680C7-5335-4FF4-B02A-45498F18B526}.Debug|Any CPU.Build.0 = Debug|Any CPU
		{FAF680C7-5335-4FF4-B02A-45498F18B526}.Debug|x64.ActiveCfg = Debug|Any CPU
		{FAF680C7-5335-4FF4-B02A-45498F18B526}.Debug|x64.Build.0 = Debug|Any CPU
		{FAF680C7-5335-4FF4-B02A-45498F18B526}.Debug|x86.ActiveCfg = Debug|Any CPU
		{FAF680C7-5335-4FF4-B02A-45498F18B526}.Debug|x86.Build.0 = Debug|Any CPU
		{FAF680C7-5335-4FF4-B02A-45498F18B526}.Release|Any CPU.ActiveCfg = Release|Any CPU
		{FAF680C7-5335-4FF4-B02A-45498F18B526}.Release|Any CPU.Build.0 = Release|Any CPU
		{FAF680C7-5335-4FF4-B02A-45498F18B526}.Release|x64.ActiveCfg = Release|Any CPU
		{FAF680C7-5335-4FF4-B02A-45498F18B526}.Release|x64.Build.0 = Release|Any CPU
		{FAF680C7-5335-4FF4-B02A-45498F18B526}.Release|x86.ActiveCfg = Release|Any CPU
		{FAF680C7-5335-4FF4-B02A-45498F18B526}.Release|x86.Build.0 = Release|Any CPU
		{CDCE4522-CE38-49DD-8514-C3B3C3171CB7}.Debug|Any CPU.ActiveCfg = Debug|Any CPU
		{CDCE4522-CE38-49DD-8514-C3B3C3171CB7}.Debug|Any CPU.Build.0 = Debug|Any CPU
		{CDCE4522-CE38-49DD-8514-C3B3C3171CB7}.Debug|x64.ActiveCfg = Debug|Any CPU
		{CDCE4522-CE38-49DD-8514-C3B3C3171CB7}.Debug|x64.Build.0 = Debug|Any CPU
		{CDCE4522-CE38-49DD-8514-C3B3C3171CB7}.Debug|x86.ActiveCfg = Debug|Any CPU
		{CDCE4522-CE38-49DD-8514-C3B3C3171CB7}.Debug|x86.Build.0 = Debug|Any CPU
		{CDCE4522-CE38-49DD-8514-C3B3C3171CB7}.Release|Any CPU.ActiveCfg = Release|Any CPU
		{CDCE4522-CE38-49DD-8514-C3B3C3171CB7}.Release|Any CPU.Build.0 = Release|Any CPU
		{CDCE4522-CE38-49DD-8514-C3B3C3171CB7}.Release|x64.ActiveCfg = Release|Any CPU
		{CDCE4522-CE38-49DD-8514-C3B3C3171CB7}.Release|x64.Build.0 = Release|Any CPU
		{CDCE4522-CE38-49DD-8514-C3B3C3171CB7}.Release|x86.ActiveCfg = Release|Any CPU
		{CDCE4522-CE38-49DD-8514-C3B3C3171CB7}.Release|x86.Build.0 = Release|Any CPU
		{82B3C2A1-8FCB-4B08-BAA7-C72896083E6B}.Debug|Any CPU.ActiveCfg = Debug|Any CPU
		{82B3C2A1-8FCB-4B08-BAA7-C72896083E6B}.Debug|Any CPU.Build.0 = Debug|Any CPU
		{82B3C2A1-8FCB-4B08-BAA7-C72896083E6B}.Debug|x64.ActiveCfg = Debug|Any CPU
		{82B3C2A1-8FCB-4B08-BAA7-C72896083E6B}.Debug|x64.Build.0 = Debug|Any CPU
		{82B3C2A1-8FCB-4B08-BAA7-C72896083E6B}.Debug|x86.ActiveCfg = Debug|Any CPU
		{82B3C2A1-8FCB-4B08-BAA7-C72896083E6B}.Debug|x86.Build.0 = Debug|Any CPU
		{82B3C2A1-8FCB-4B08-BAA7-C72896083E6B}.Release|Any CPU.ActiveCfg = Release|Any CPU
		{82B3C2A1-8FCB-4B08-BAA7-C72896083E6B}.Release|Any CPU.Build.0 = Release|Any CPU
		{82B3C2A1-8FCB-4B08-BAA7-C72896083E6B}.Release|x64.ActiveCfg = Release|Any CPU
		{82B3C2A1-8FCB-4B08-BAA7-C72896083E6B}.Release|x64.Build.0 = Release|Any CPU
		{82B3C2A1-8FCB-4B08-BAA7-C72896083E6B}.Release|x86.ActiveCfg = Release|Any CPU
		{82B3C2A1-8FCB-4B08-BAA7-C72896083E6B}.Release|x86.Build.0 = Release|Any CPU
		{3F8D7B6A-DC0E-495E-B2B7-337B3F323162}.Debug|Any CPU.ActiveCfg = Debug|Any CPU
		{3F8D7B6A-DC0E-495E-B2B7-337B3F323162}.Debug|Any CPU.Build.0 = Debug|Any CPU
		{3F8D7B6A-DC0E-495E-B2B7-337B3F323162}.Debug|Any CPU.Deploy.0 = Debug|Any CPU
		{3F8D7B6A-DC0E-495E-B2B7-337B3F323162}.Debug|x64.ActiveCfg = Debug|Any CPU
		{3F8D7B6A-DC0E-495E-B2B7-337B3F323162}.Debug|x64.Build.0 = Debug|Any CPU
		{3F8D7B6A-DC0E-495E-B2B7-337B3F323162}.Debug|x64.Deploy.0 = Debug|Any CPU
		{3F8D7B6A-DC0E-495E-B2B7-337B3F323162}.Debug|x86.ActiveCfg = Debug|Any CPU
		{3F8D7B6A-DC0E-495E-B2B7-337B3F323162}.Debug|x86.Build.0 = Debug|Any CPU
		{3F8D7B6A-DC0E-495E-B2B7-337B3F323162}.Debug|x86.Deploy.0 = Debug|Any CPU
		{3F8D7B6A-DC0E-495E-B2B7-337B3F323162}.Release|Any CPU.ActiveCfg = Release|Any CPU
		{3F8D7B6A-DC0E-495E-B2B7-337B3F323162}.Release|Any CPU.Build.0 = Release|Any CPU
		{3F8D7B6A-DC0E-495E-B2B7-337B3F323162}.Release|Any CPU.Deploy.0 = Release|Any CPU
		{3F8D7B6A-DC0E-495E-B2B7-337B3F323162}.Release|x64.ActiveCfg = Release|Any CPU
		{3F8D7B6A-DC0E-495E-B2B7-337B3F323162}.Release|x64.Build.0 = Release|Any CPU
		{3F8D7B6A-DC0E-495E-B2B7-337B3F323162}.Release|x64.Deploy.0 = Release|Any CPU
		{3F8D7B6A-DC0E-495E-B2B7-337B3F323162}.Release|x86.ActiveCfg = Release|Any CPU
		{3F8D7B6A-DC0E-495E-B2B7-337B3F323162}.Release|x86.Build.0 = Release|Any CPU
		{3F8D7B6A-DC0E-495E-B2B7-337B3F323162}.Release|x86.Deploy.0 = Release|Any CPU
		{C122B239-1A41-498F-8597-DBAEAD88F09C}.Debug|Any CPU.ActiveCfg = Debug|Any CPU
		{C122B239-1A41-498F-8597-DBAEAD88F09C}.Debug|Any CPU.Build.0 = Debug|Any CPU
		{C122B239-1A41-498F-8597-DBAEAD88F09C}.Debug|x64.ActiveCfg = Debug|Any CPU
		{C122B239-1A41-498F-8597-DBAEAD88F09C}.Debug|x64.Build.0 = Debug|Any CPU
		{C122B239-1A41-498F-8597-DBAEAD88F09C}.Debug|x86.ActiveCfg = Debug|Any CPU
		{C122B239-1A41-498F-8597-DBAEAD88F09C}.Debug|x86.Build.0 = Debug|Any CPU
		{C122B239-1A41-498F-8597-DBAEAD88F09C}.Release|Any CPU.ActiveCfg = Release|Any CPU
		{C122B239-1A41-498F-8597-DBAEAD88F09C}.Release|Any CPU.Build.0 = Release|Any CPU
		{C122B239-1A41-498F-8597-DBAEAD88F09C}.Release|x64.ActiveCfg = Release|Any CPU
		{C122B239-1A41-498F-8597-DBAEAD88F09C}.Release|x64.Build.0 = Release|Any CPU
		{C122B239-1A41-498F-8597-DBAEAD88F09C}.Release|x86.ActiveCfg = Release|Any CPU
		{C122B239-1A41-498F-8597-DBAEAD88F09C}.Release|x86.Build.0 = Release|Any CPU
		{17C42EFD-695E-476B-89BF-67D262DACBD0}.Debug|Any CPU.ActiveCfg = Debug|Any CPU
		{17C42EFD-695E-476B-89BF-67D262DACBD0}.Debug|Any CPU.Build.0 = Debug|Any CPU
		{17C42EFD-695E-476B-89BF-67D262DACBD0}.Debug|x64.ActiveCfg = Debug|Any CPU
		{17C42EFD-695E-476B-89BF-67D262DACBD0}.Debug|x64.Build.0 = Debug|Any CPU
		{17C42EFD-695E-476B-89BF-67D262DACBD0}.Debug|x86.ActiveCfg = Debug|Any CPU
		{17C42EFD-695E-476B-89BF-67D262DACBD0}.Debug|x86.Build.0 = Debug|Any CPU
		{17C42EFD-695E-476B-89BF-67D262DACBD0}.Release|Any CPU.ActiveCfg = Release|Any CPU
		{17C42EFD-695E-476B-89BF-67D262DACBD0}.Release|Any CPU.Build.0 = Release|Any CPU
		{17C42EFD-695E-476B-89BF-67D262DACBD0}.Release|x64.ActiveCfg = Release|Any CPU
		{17C42EFD-695E-476B-89BF-67D262DACBD0}.Release|x64.Build.0 = Release|Any CPU
		{17C42EFD-695E-476B-89BF-67D262DACBD0}.Release|x86.ActiveCfg = Release|Any CPU
		{17C42EFD-695E-476B-89BF-67D262DACBD0}.Release|x86.Build.0 = Release|Any CPU
		{3ED68A52-60D5-4BDD-B4CE-DCCBCC08391F}.Debug|Any CPU.ActiveCfg = Debug|Any CPU
		{3ED68A52-60D5-4BDD-B4CE-DCCBCC08391F}.Debug|Any CPU.Build.0 = Debug|Any CPU
		{3ED68A52-60D5-4BDD-B4CE-DCCBCC08391F}.Debug|x64.ActiveCfg = Debug|Any CPU
		{3ED68A52-60D5-4BDD-B4CE-DCCBCC08391F}.Debug|x64.Build.0 = Debug|Any CPU
		{3ED68A52-60D5-4BDD-B4CE-DCCBCC08391F}.Debug|x86.ActiveCfg = Debug|Any CPU
		{3ED68A52-60D5-4BDD-B4CE-DCCBCC08391F}.Debug|x86.Build.0 = Debug|Any CPU
		{3ED68A52-60D5-4BDD-B4CE-DCCBCC08391F}.Release|Any CPU.ActiveCfg = Release|Any CPU
		{3ED68A52-60D5-4BDD-B4CE-DCCBCC08391F}.Release|Any CPU.Build.0 = Release|Any CPU
		{3ED68A52-60D5-4BDD-B4CE-DCCBCC08391F}.Release|x64.ActiveCfg = Release|Any CPU
		{3ED68A52-60D5-4BDD-B4CE-DCCBCC08391F}.Release|x64.Build.0 = Release|Any CPU
		{3ED68A52-60D5-4BDD-B4CE-DCCBCC08391F}.Release|x86.ActiveCfg = Release|Any CPU
		{3ED68A52-60D5-4BDD-B4CE-DCCBCC08391F}.Release|x86.Build.0 = Release|Any CPU
		{67350CE7-2BA8-48E3-BB8E-53C970C14170}.Debug|Any CPU.ActiveCfg = Debug|Any CPU
		{67350CE7-2BA8-48E3-BB8E-53C970C14170}.Debug|Any CPU.Build.0 = Debug|Any CPU
		{67350CE7-2BA8-48E3-BB8E-53C970C14170}.Debug|x64.ActiveCfg = Debug|Any CPU
		{67350CE7-2BA8-48E3-BB8E-53C970C14170}.Debug|x64.Build.0 = Debug|Any CPU
		{67350CE7-2BA8-48E3-BB8E-53C970C14170}.Debug|x86.ActiveCfg = Debug|Any CPU
		{67350CE7-2BA8-48E3-BB8E-53C970C14170}.Debug|x86.Build.0 = Debug|Any CPU
		{67350CE7-2BA8-48E3-BB8E-53C970C14170}.Release|Any CPU.ActiveCfg = Release|Any CPU
		{67350CE7-2BA8-48E3-BB8E-53C970C14170}.Release|Any CPU.Build.0 = Release|Any CPU
		{67350CE7-2BA8-48E3-BB8E-53C970C14170}.Release|x64.ActiveCfg = Release|Any CPU
		{67350CE7-2BA8-48E3-BB8E-53C970C14170}.Release|x64.Build.0 = Release|Any CPU
		{67350CE7-2BA8-48E3-BB8E-53C970C14170}.Release|x86.ActiveCfg = Release|Any CPU
		{67350CE7-2BA8-48E3-BB8E-53C970C14170}.Release|x86.Build.0 = Release|Any CPU
		{D4DE6DC2-BFDA-4B53-9B6D-434ECA81822A}.Debug|Any CPU.ActiveCfg = Debug|Any CPU
		{D4DE6DC2-BFDA-4B53-9B6D-434ECA81822A}.Debug|Any CPU.Build.0 = Debug|Any CPU
		{D4DE6DC2-BFDA-4B53-9B6D-434ECA81822A}.Debug|x64.ActiveCfg = Debug|Any CPU
		{D4DE6DC2-BFDA-4B53-9B6D-434ECA81822A}.Debug|x64.Build.0 = Debug|Any CPU
		{D4DE6DC2-BFDA-4B53-9B6D-434ECA81822A}.Debug|x86.ActiveCfg = Debug|Any CPU
		{D4DE6DC2-BFDA-4B53-9B6D-434ECA81822A}.Debug|x86.Build.0 = Debug|Any CPU
		{D4DE6DC2-BFDA-4B53-9B6D-434ECA81822A}.Release|Any CPU.ActiveCfg = Release|Any CPU
		{D4DE6DC2-BFDA-4B53-9B6D-434ECA81822A}.Release|Any CPU.Build.0 = Release|Any CPU
		{D4DE6DC2-BFDA-4B53-9B6D-434ECA81822A}.Release|x64.ActiveCfg = Release|Any CPU
		{D4DE6DC2-BFDA-4B53-9B6D-434ECA81822A}.Release|x64.Build.0 = Release|Any CPU
		{D4DE6DC2-BFDA-4B53-9B6D-434ECA81822A}.Release|x86.ActiveCfg = Release|Any CPU
		{D4DE6DC2-BFDA-4B53-9B6D-434ECA81822A}.Release|x86.Build.0 = Release|Any CPU
	EndGlobalSection
	GlobalSection(SolutionProperties) = preSolution
		HideSolutionNode = FALSE
	EndGlobalSection
	GlobalSection(NestedProjects) = preSolution
		{17858BBA-CA19-4DF5-986E-2B41235B8A3D} = {7D927B54-EFAC-4C5E-A411-8322C8573BA4}
		{FAF680C7-5335-4FF4-B02A-45498F18B526} = {58482219-EDC1-4387-991F-110A8A03A13C}
		{CDCE4522-CE38-49DD-8514-C3B3C3171CB7} = {3FB01CE7-0F0E-4143-BFBE-982A6C593EDF}
		{82B3C2A1-8FCB-4B08-BAA7-C72896083E6B} = {3FB01CE7-0F0E-4143-BFBE-982A6C593EDF}
		{3F8D7B6A-DC0E-495E-B2B7-337B3F323162} = {7697DB46-DFB0-4A0F-97AC-23A8F7A51462}
		{C122B239-1A41-498F-8597-DBAEAD88F09C} = {95152B26-3BDF-4377-A7B1-092249913B9E}
		{17C42EFD-695E-476B-89BF-67D262DACBD0} = {95152B26-3BDF-4377-A7B1-092249913B9E}
		{3ED68A52-60D5-4BDD-B4CE-DCCBCC08391F} = {95152B26-3BDF-4377-A7B1-092249913B9E}
		{67350CE7-2BA8-48E3-BB8E-53C970C14170} = {95152B26-3BDF-4377-A7B1-092249913B9E}
		{D4DE6DC2-BFDA-4B53-9B6D-434ECA81822A} = {95152B26-3BDF-4377-A7B1-092249913B9E}
	EndGlobalSection
	GlobalSection(ExtensibilityGlobals) = postSolution
		SolutionGuid = {3B4A805C-1B8E-44EA-B6BA-AA68945BF29B}
	EndGlobalSection
EndGlobal
